Microsoft Visual Studio Solution File, Format Version 12.00
# Visual Studio Version 16
VisualStudioVersion = 16.0.0.0
MinimumVisualStudioVersion = 16.0.0.0
Project("{9A19103F-16F7-4668-BE54-9A1E7A4F7556}") = "BlazorBlog", "BlazorBlog\BlazorBlog.csproj", "{41F64DB3-5A5C-4AEC-94F7-1F61D46E93C5}"
EndProject
Project("{9A19103F-16F7-4668-BE54-9A1E7A4F7556}") = "BlazorBlog.Client", "BlazorBlog.Client\BlazorBlog.Client.csproj", "{63DDC32A-0D60-4B6F-8D59-F93EDBCFDED8}"
EndProject
Global
	GlobalSection(SolutionConfigurationPlatforms) = preSolution
		Debug|Any CPU = Debug|Any CPU
		Debug|x64 = Debug|x64
		Debug|x86 = Debug|x86
		Release|Any CPU = Release|Any CPU
		Release|x64 = Release|x64
		Release|x86 = Release|x86
	EndGlobalSection
	GlobalSection(ProjectConfigurationPlatforms) = postSolution
		{63DDC32A-0D60-4B6F-8D59-F93EDBCFDED8}.Debug|Any CPU.ActiveCfg = Debug|Any CPU
		{63DDC32A-0D60-4B6F-8D59-F93EDBCFDED8}.Debug|Any CPU.Build.0 = Debug|Any CPU
		{63DDC32A-0D60-4B6F-8D59-F93EDBCFDED8}.Debug|x64.ActiveCfg = Debug|Any CPU
		{63DDC32A-0D60-4B6F-8D59-F93EDBCFDED8}.Debug|x64.Build.0 = Debug|Any CPU
		{63DDC32A-0D60-4B6F-8D59-F93EDBCFDED8}.Debug|x86.ActiveCfg = Debug|Any CPU
		{63DDC32A-0D60-4B6F-8D59-F93EDBCFDED8}.Debug|x86.Build.0 = Debug|Any CPU
		{63DDC32A-0D60-4B6F-8D59-F93EDBCFDED8}.Release|Any CPU.ActiveCfg = Release|Any CPU
		{63DDC32A-0D60-4B6F-8D59-F93EDBCFDED8}.Release|Any CPU.Build.0 = Release|Any CPU
		{63DDC32A-0D60-4B6F-8D59-F93EDBCFDED8}.Release|x64.ActiveCfg = Release|Any CPU
		{63DDC32A-0D60-4B6F-8D59-F93EDBCFDED8}.Release|x64.Build.0 = Release|Any CPU
		{63DDC32A-0D60-4B6F-8D59-F93EDBCFDED8}.Release|x86.ActiveCfg = Release|Any CPU
		{63DDC32A-0D60-4B6F-8D59-F93EDBCFDED8}.Release|x86.Build.0 = Release|Any CPU
		{41F64DB3-5A5C-4AEC-94F7-1F61D46E93C5}.Debug|Any CPU.ActiveCfg = Debug|Any CPU
		{41F64DB3-5A5C-4AEC-94F7-1F61D46E93C5}.Debug|Any CPU.Build.0 = Debug|Any CPU
		{41F64DB3-5A5C-4AEC-94F7-1F61D46E93C5}.Debug|x64.ActiveCfg = Debug|Any CPU
		{41F64DB3-5A5C-4AEC-94F7-1F61D46E93C5}.Debug|x64.Build.0 = Debug|Any CPU
		{41F64DB3-5A5C-4AEC-94F7-1F61D46E93C5}.Debug|x86.ActiveCfg = Debug|Any CPU
		{41F64DB3-5A5C-4AEC-94F7-1F61D46E93C5}.Debug|x86.Build.0 = Debug|Any CPU
		{41F64DB3-5A5C-4AEC-94F7-1F61D46E93C5}.Release|Any CPU.ActiveCfg = Release|Any CPU
		{41F64DB3-5A5C-4AEC-94F7-1F61D46E93C5}.Release|Any CPU.Build.0 = Release|Any CPU
		{41F64DB3-5A5C-4AEC-94F7-1F61D46E93C5}.Release|x64.ActiveCfg = Release|Any CPU
		{41F64DB3-5A5C-4AEC-94F7-1F61D46E93C5}.Release|x64.Build.0 = Release|Any CPU
		{41F64DB3-5A5C-4AEC-94F7-1F61D46E93C5}.Release|x86.ActiveCfg = Release|Any CPU
		{41F64DB3-5A5C-4AEC-94F7-1F61D46E93C5}.Release|x86.Build.0 = Release|Any CPU
	EndGlobalSection
	GlobalSection(SolutionProperties) = preSolution
		HideSolutionNode = FALSE
	EndGlobalSection
	GlobalSection(ExtensibilityGlobals) = postSolution
		SolutionGuid = {4267F700-614B-423F-8ABF-8C15F09B7114}
	EndGlobalSection
EndGlobal
